
Microsoft Visual Studio Solution File, Format Version 12.00
# Visual Studio Version 17
VisualStudioVersion = 17.4.33122.133
MinimumVisualStudioVersion = 10.0.40219.1
Project("{9A19103F-16F7-4668-BE54-9A1E7A4F7556}") = "InternApp.API", "InternApp.API.csproj", "{8CBAB818-08CE-46A4-8A57-A3114B767280}"
EndProject
Project("{9A19103F-16F7-4668-BE54-9A1E7A4F7556}") = "InternApp.Domain", "..\InternApp.Domain\InternApp.Domain.csproj", "{E7C07AF8-451F-42FF-984C-6FDE50B5222B}"
EndProject
Project("{FAE04EC0-301F-11D3-BF4B-00C04F79EFBC}") = "InternApp.Service", "..\InternApp.Service\InternApp.Service.csproj", "{1D2A602A-D303-4BA6-852E-8BBB62E96E05}"
EndProject
Global
	GlobalSection(SolutionConfigurationPlatforms) = preSolution
		Debug|Any CPU = Debug|Any CPU
		Release|Any CPU = Release|Any CPU
	EndGlobalSection
	GlobalSection(ProjectConfigurationPlatforms) = postSolution
		{8CBAB818-08CE-46A4-8A57-A3114B767280}.Debug|Any CPU.ActiveCfg = Debug|Any CPU
		{8CBAB818-08CE-46A4-8A57-A3114B767280}.Debug|Any CPU.Build.0 = Debug|Any CPU
		{8CBAB818-08CE-46A4-8A57-A3114B767280}.Release|Any CPU.ActiveCfg = Release|Any CPU
		{8CBAB818-08CE-46A4-8A57-A3114B767280}.Release|Any CPU.Build.0 = Release|Any CPU
		{E7C07AF8-451F-42FF-984C-6FDE50B5222B}.Debug|Any CPU.ActiveCfg = Debug|Any CPU
		{E7C07AF8-451F-42FF-984C-6FDE50B5222B}.Debug|Any CPU.Build.0 = Debug|Any CPU
		{E7C07AF8-451F-42FF-984C-6FDE50B5222B}.Release|Any CPU.ActiveCfg = Release|Any CPU
		{E7C07AF8-451F-42FF-984C-6FDE50B5222B}.Release|Any CPU.Build.0 = Release|Any CPU
		{1D2A602A-D303-4BA6-852E-8BBB62E96E05}.Debug|Any CPU.ActiveCfg = Debug|Any CPU
		{1D2A602A-D303-4BA6-852E-8BBB62E96E05}.Debug|Any CPU.Build.0 = Debug|Any CPU
		{1D2A602A-D303-4BA6-852E-8BBB62E96E05}.Release|Any CPU.ActiveCfg = Release|Any CPU
		{1D2A602A-D303-4BA6-852E-8BBB62E96E05}.Release|Any CPU.Build.0 = Release|Any CPU
	EndGlobalSection
	GlobalSection(SolutionProperties) = preSolution
		HideSolutionNode = FALSE
	EndGlobalSection
	GlobalSection(ExtensibilityGlobals) = postSolution
		SolutionGuid = {9B00BE86-3545-4705-AD90-9D8F0F785971}
	EndGlobalSection
EndGlobal
